// !$*UTF8*$!
{
	archiveVersion = 1;
	classes = {
	};
	objectVersion = 56;
	objects = {

/* Begin PBXBuildFile section */
		ABCB213C2CFBA174006CDB22 /* AppDelegate.swift in Sources */ = {isa = PBXBuildFile; fileRef = ABCB213B2CFBA174006CDB22 /* AppDelegate.swift */; };
		ABCB213E2CFBA174006CDB22 /* SceneDelegate.swift in Sources */ = {isa = PBXBuildFile; fileRef = ABCB213D2CFBA174006CDB22 /* SceneDelegate.swift */; };
		ABCB21402CFBA174006CDB22 /* ViewController.swift in Sources */ = {isa = PBXBuildFile; fileRef = ABCB213F2CFBA174006CDB22 /* ViewController.swift */; };
		ABCB21432CFBA174006CDB22 /* Main.storyboard in Resources */ = {isa = PBXBuildFile; fileRef = ABCB21412CFBA174006CDB22 /* Main.storyboard */; };
		ABCB21452CFBA177006CDB22 /* Assets.xcassets in Resources */ = {isa = PBXBuildFile; fileRef = ABCB21442CFBA177006CDB22 /* Assets.xcassets */; };
		ABCB21482CFBA177006CDB22 /* LaunchScreen.storyboard in Resources */ = {isa = PBXBuildFile; fileRef = ABCB21462CFBA177006CDB22 /* LaunchScreen.storyboard */; };
		ABCB21532CFBA177006CDB22 /* habitappTests.swift in Sources */ = {isa = PBXBuildFile; fileRef = ABCB21522CFBA177006CDB22 /* habitappTests.swift */; };
		ABCB215D2CFBA177006CDB22 /* habitappUITests.swift in Sources */ = {isa = PBXBuildFile; fileRef = ABCB215C2CFBA177006CDB22 /* habitappUITests.swift */; };
		ABCB215F2CFBA177006CDB22 /* habitappUITestsLaunchTests.swift in Sources */ = {isa = PBXBuildFile; fileRef = ABCB215E2CFBA177006CDB22 /* habitappUITestsLaunchTests.swift */; };
		ABCB21702CFBA314006CDB22 /* FirebaseCore in Frameworks */ = {isa = PBXBuildFile; productRef = ABCB216F2CFBA314006CDB22 /* FirebaseCore */; };
		ABCB21722CFBA320006CDB22 /* FirebaseDatabase in Frameworks */ = {isa = PBXBuildFile; productRef = ABCB21712CFBA320006CDB22 /* FirebaseDatabase */; };
		ABCB21742CFBA32A006CDB22 /* FirebaseAnalytics in Frameworks */ = {isa = PBXBuildFile; productRef = ABCB21732CFBA32A006CDB22 /* FirebaseAnalytics */; };
		ABCB21762CFBA531006CDB22 /* GoogleService-Info.plist in Resources */ = {isa = PBXBuildFile; fileRef = ABCB21752CFBA530006CDB22 /* GoogleService-Info.plist */; };
/* End PBXBuildFile section */

/* Begin PBXContainerItemProxy section */
		ABCB214F2CFBA177006CDB22 /* PBXContainerItemProxy */ = {
			isa = PBXContainerItemProxy;
			containerPortal = ABCB21302CFBA174006CDB22 /* Project object */;
			proxyType = 1;
			remoteGlobalIDString = ABCB21372CFBA174006CDB22;
			remoteInfo = habitapp;
		};
		ABCB21592CFBA177006CDB22 /* PBXContainerItemProxy */ = {
			isa = PBXContainerItemProxy;
			containerPortal = ABCB21302CFBA174006CDB22 /* Project object */;
			proxyType = 1;
			remoteGlobalIDString = ABCB21372CFBA174006CDB22;
			remoteInfo = habitapp;
		};
/* End PBXContainerItemProxy section */

/* Begin PBXFileReference section */
		ABCB21382CFBA174006CDB22 /* habitapp.app */ = {isa = PBXFileReference; explicitFileType = wrapper.application; includeInIndex = 0; path = habitapp.app; sourceTree = BUILT_PRODUCTS_DIR; };
		ABCB213B2CFBA174006CDB22 /* AppDelegate.swift */ = {isa = PBXFileReference; lastKnownFileType = sourcecode.swift; path = AppDelegate.swift; sourceTree = "<group>"; };
		ABCB213D2CFBA174006CDB22 /* SceneDelegate.swift */ = {isa = PBXFileReference; lastKnownFileType = sourcecode.swift; path = SceneDelegate.swift; sourceTree = "<group>"; };
		ABCB213F2CFBA174006CDB22 /* ViewController.swift */ = {isa = PBXFileReference; lastKnownFileType = sourcecode.swift; path = ViewController.swift; sourceTree = "<group>"; };
		ABCB21422CFBA174006CDB22 /* Base */ = {isa = PBXFileReference; lastKnownFileType = file.storyboard; name = Base; path = Base.lproj/Main.storyboard; sourceTree = "<group>"; };
		ABCB21442CFBA177006CDB22 /* Assets.xcassets */ = {isa = PBXFileReference; lastKnownFileType = folder.assetcatalog; path = Assets.xcassets; sourceTree = "<group>"; };
		ABCB21472CFBA177006CDB22 /* Base */ = {isa = PBXFileReference; lastKnownFileType = file.storyboard; name = Base; path = Base.lproj/LaunchScreen.storyboard; sourceTree = "<group>"; };
		ABCB21492CFBA177006CDB22 /* Info.plist */ = {isa = PBXFileReference; lastKnownFileType = text.plist.xml; path = Info.plist; sourceTree = "<group>"; };
		ABCB214E2CFBA177006CDB22 /* habitappTests.xctest */ = {isa = PBXFileReference; explicitFileType = wrapper.cfbundle; includeInIndex = 0; path = habitappTests.xctest; sourceTree = BUILT_PRODUCTS_DIR; };
		ABCB21522CFBA177006CDB22 /* habitappTests.swift */ = {isa = PBXFileReference; lastKnownFileType = sourcecode.swift; path = habitappTests.swift; sourceTree = "<group>"; };
		ABCB21582CFBA177006CDB22 /* habitappUITests.xctest */ = {isa = PBXFileReference; explicitFileType = wrapper.cfbundle; includeInIndex = 0; path = habitappUITests.xctest; sourceTree = BUILT_PRODUCTS_DIR; };
		ABCB215C2CFBA177006CDB22 /* habitappUITests.swift */ = {isa = PBXFileReference; lastKnownFileType = sourcecode.swift; path = habitappUITests.swift; sourceTree = "<group>"; };
		ABCB215E2CFBA177006CDB22 /* habitappUITestsLaunchTests.swift */ = {isa = PBXFileReference; lastKnownFileType = sourcecode.swift; path = habitappUITestsLaunchTests.swift; sourceTree = "<group>"; };
		ABCB21752CFBA530006CDB22 /* GoogleService-Info.plist */ = {isa = PBXFileReference; lastKnownFileType = text.plist; path = "GoogleService-Info.plist"; sourceTree = SOURCE_ROOT; };
/* End PBXFileReference section */

/* Begin PBXFrameworksBuildPhase section */
		ABCB21352CFBA174006CDB22 /* Frameworks */ = {
			isa = PBXFrameworksBuildPhase;
			buildActionMask = 2147483647;
			files = (
				ABCB21722CFBA320006CDB22 /* FirebaseDatabase in Frameworks */,
				ABCB21702CFBA314006CDB22 /* FirebaseCore in Frameworks */,
				ABCB21742CFBA32A006CDB22 /* FirebaseAnalytics in Frameworks */,
			);
			runOnlyForDeploymentPostprocessing = 0;
		};
		ABCB214B2CFBA177006CDB22 /* Frameworks */ = {
			isa = PBXFrameworksBuildPhase;
			buildActionMask = 2147483647;
			files = (
			);
			runOnlyForDeploymentPostprocessing = 0;
		};
		ABCB21552CFBA177006CDB22 /* Frameworks */ = {
			isa = PBXFrameworksBuildPhase;
			buildActionMask = 2147483647;
			files = (
			);
			runOnlyForDeploymentPostprocessing = 0;
		};
/* End PBXFrameworksBuildPhase section */

/* Begin PBXGroup section */
		ABCB212F2CFBA174006CDB22 = {
			isa = PBXGroup;
			children = (
				ABCB213A2CFBA174006CDB22 /* habitapp */,
				ABCB21512CFBA177006CDB22 /* habitappTests */,
				ABCB215B2CFBA177006CDB22 /* habitappUITests */,
				ABCB21392CFBA174006CDB22 /* Products */,
				ABCB216C2CFBA300006CDB22 /* Frameworks */,
			);
			sourceTree = "<group>";
		};
		ABCB21392CFBA174006CDB22 /* Products */ = {
			isa = PBXGroup;
			children = (
				ABCB21382CFBA174006CDB22 /* habitapp.app */,
				ABCB214E2CFBA177006CDB22 /* habitappTests.xctest */,
				ABCB21582CFBA177006CDB22 /* habitappUITests.xctest */,
			);
			name = Products;
			sourceTree = "<group>";
		};
		ABCB213A2CFBA174006CDB22 /* habitapp */ = {
			isa = PBXGroup;
			children = (
				ABCB213B2CFBA174006CDB22 /* AppDelegate.swift */,
				ABCB213D2CFBA174006CDB22 /* SceneDelegate.swift */,
				ABCB213F2CFBA174006CDB22 /* ViewController.swift */,
				ABCB21412CFBA174006CDB22 /* Main.storyboard */,
				ABCB21442CFBA177006CDB22 /* Assets.xcassets */,
				ABCB21462CFBA177006CDB22 /* LaunchScreen.storyboard */,
				ABCB21492CFBA177006CDB22 /* Info.plist */,
				ABCB21752CFBA530006CDB22 /* GoogleService-Info.plist */,
			);
			path = habitapp;
			sourceTree = "<group>";
		};
		ABCB21512CFBA177006CDB22 /* habitappTests */ = {
			isa = PBXGroup;
			children = (
				ABCB21522CFBA177006CDB22 /* habitappTests.swift */,
			);
			path = habitappTests;
			sourceTree = "<group>";
		};
		ABCB215B2CFBA177006CDB22 /* habitappUITests */ = {
			isa = PBXGroup;
			children = (
				ABCB215C2CFBA177006CDB22 /* habitappUITests.swift */,
				ABCB215E2CFBA177006CDB22 /* habitappUITestsLaunchTests.swift */,
			);
			path = habitappUITests;
			sourceTree = "<group>";
		};
		ABCB216C2CFBA300006CDB22 /* Frameworks */ = {
			isa = PBXGroup;
			children = (
			);
			name = Frameworks;
			sourceTree = "<group>";
		};
/* End PBXGroup section */

/* Begin PBXNativeTarget section */
		ABCB21372CFBA174006CDB22 /* habitapp */ = {
			isa = PBXNativeTarget;
			buildConfigurationList = ABCB21622CFBA177006CDB22 /* Build configuration list for PBXNativeTarget "habitapp" */;
			buildPhases = (
				ABCB21342CFBA174006CDB22 /* Sources */,
				ABCB21352CFBA174006CDB22 /* Frameworks */,
				ABCB21362CFBA174006CDB22 /* Resources */,
			);
			buildRules = (
			);
			dependencies = (
			);
			name = habitapp;
			packageProductDependencies = (
				ABCB216F2CFBA314006CDB22 /* FirebaseCore */,
				ABCB21712CFBA320006CDB22 /* FirebaseDatabase */,
				ABCB21732CFBA32A006CDB22 /* FirebaseAnalytics */,
			);
			productName = habitapp;
			productReference = ABCB21382CFBA174006CDB22 /* habitapp.app */;
			productType = "com.apple.product-type.application";
		};
		ABCB214D2CFBA177006CDB22 /* habitappTests */ = {
			isa = PBXNativeTarget;
			buildConfigurationList = ABCB21652CFBA177006CDB22 /* Build configuration list for PBXNativeTarget "habitappTests" */;
			buildPhases = (
				ABCB214A2CFBA177006CDB22 /* Sources */,
				ABCB214B2CFBA177006CDB22 /* Frameworks */,
				ABCB214C2CFBA177006CDB22 /* Resources */,
			);
			buildRules = (
			);
			dependencies = (
				ABCB21502CFBA177006CDB22 /* PBXTargetDependency */,
			);
			name = habitappTests;
			productName = habitappTests;
			productReference = ABCB214E2CFBA177006CDB22 /* habitappTests.xctest */;
			productType = "com.apple.product-type.bundle.unit-test";
		};
		ABCB21572CFBA177006CDB22 /* habitappUITests */ = {
			isa = PBXNativeTarget;
			buildConfigurationList = ABCB21682CFBA177006CDB22 /* Build configuration list for PBXNativeTarget "habitappUITests" */;
			buildPhases = (
				ABCB21542CFBA177006CDB22 /* Sources */,
				ABCB21552CFBA177006CDB22 /* Frameworks */,
				ABCB21562CFBA177006CDB22 /* Resources */,
			);
			buildRules = (
			);
			dependencies = (
				ABCB215A2CFBA177006CDB22 /* PBXTargetDependency */,
			);
			name = habitappUITests;
			productName = habitappUITests;
			productReference = ABCB21582CFBA177006CDB22 /* habitappUITests.xctest */;
			productType = "com.apple.product-type.bundle.ui-testing";
		};
/* End PBXNativeTarget section */

/* Begin PBXProject section */
		ABCB21302CFBA174006CDB22 /* Project object */ = {
			isa = PBXProject;
			attributes = {
				BuildIndependentTargetsInParallel = 1;
				LastSwiftUpdateCheck = 1500;
				LastUpgradeCheck = 1500;
				TargetAttributes = {
					ABCB21372CFBA174006CDB22 = {
						CreatedOnToolsVersion = 15.0.1;
					};
					ABCB214D2CFBA177006CDB22 = {
						CreatedOnToolsVersion = 15.0.1;
						TestTargetID = ABCB21372CFBA174006CDB22;
					};
					ABCB21572CFBA177006CDB22 = {
						CreatedOnToolsVersion = 15.0.1;
						TestTargetID = ABCB21372CFBA174006CDB22;
					};
				};
			};
			buildConfigurationList = ABCB21332CFBA174006CDB22 /* Build configuration list for PBXProject "habitapp" */;
			compatibilityVersion = "Xcode 14.0";
			developmentRegion = en;
			hasScannedForEncodings = 0;
			knownRegions = (
				en,
				Base,
			);
			mainGroup = ABCB212F2CFBA174006CDB22;
			packageReferences = (
				ABCB216B2CFBA295006CDB22 /* XCRemoteSwiftPackageReference "firebase-ios-sdk" */,
			);
			productRefGroup = ABCB21392CFBA174006CDB22 /* Products */;
			projectDirPath = "";
			projectRoot = "";
			targets = (
				ABCB21372CFBA174006CDB22 /* habitapp */,
				ABCB214D2CFBA177006CDB22 /* habitappTests */,
				ABCB21572CFBA177006CDB22 /* habitappUITests */,
			);
		};
/* End PBXProject section */

/* Begin PBXResourcesBuildPhase section */
		ABCB21362CFBA174006CDB22 /* Resources */ = {
			isa = PBXResourcesBuildPhase;
			buildActionMask = 2147483647;
			files = (
				ABCB21482CFBA177006CDB22 /* LaunchScreen.storyboard in Resources */,
				ABCB21762CFBA531006CDB22 /* GoogleService-Info.plist in Resources */,
				ABCB21452CFBA177006CDB22 /* Assets.xcassets in Resources */,
				ABCB21432CFBA174006CDB22 /* Main.storyboard in Resources */,
			);
			runOnlyForDeploymentPostprocessing = 0;
		};
		ABCB214C2CFBA177006CDB22 /* Resources */ = {
			isa = PBXResourcesBuildPhase;
			buildActionMask = 2147483647;
			files = (
			);
			runOnlyForDeploymentPostprocessing = 0;
		};
		ABCB21562CFBA177006CDB22 /* Resources */ = {
			isa = PBXResourcesBuildPhase;
			buildActionMask = 2147483647;
			files = (
			);
			runOnlyForDeploymentPostprocessing = 0;
		};
/* End PBXResourcesBuildPhase section */

/* Begin PBXSourcesBuildPhase section */
		ABCB21342CFBA174006CDB22 /* Sources */ = {
			isa = PBXSourcesBuildPhase;
			buildActionMask = 2147483647;
			files = (
				ABCB21402CFBA174006CDB22 /* ViewController.swift in Sources */,
				ABCB213C2CFBA174006CDB22 /* AppDelegate.swift in Sources */,
				ABCB213E2CFBA174006CDB22 /* SceneDelegate.swift in Sources */,
			);
			runOnlyForDeploymentPostprocessing = 0;
		};
		ABCB214A2CFBA177006CDB22 /* Sources */ = {
			isa = PBXSourcesBuildPhase;
			buildActionMask = 2147483647;
			files = (
				ABCB21532CFBA177006CDB22 /* habitappTests.swift in Sources */,
			);
			runOnlyForDeploymentPostprocessing = 0;
		};
		ABCB21542CFBA177006CDB22 /* Sources */ = {
			isa = PBXSourcesBuildPhase;
			buildActionMask = 2147483647;
			files = (
				ABCB215F2CFBA177006CDB22 /* habitappUITestsLaunchTests.swift in Sources */,
				ABCB215D2CFBA177006CDB22 /* habitappUITests.swift in Sources */,
			);
			runOnlyForDeploymentPostprocessing = 0;
		};
/* End PBXSourcesBuildPhase section */

/* Begin PBXTargetDependency section */
		ABCB21502CFBA177006CDB22 /* PBXTargetDependency */ = {
			isa = PBXTargetDependency;
			target = ABCB21372CFBA174006CDB22 /* habitapp */;
			targetProxy = ABCB214F2CFBA177006CDB22 /* PBXContainerItemProxy */;
		};
		ABCB215A2CFBA177006CDB22 /* PBXTargetDependency */ = {
			isa = PBXTargetDependency;
			target = ABCB21372CFBA174006CDB22 /* habitapp */;
			targetProxy = ABCB21592CFBA177006CDB22 /* PBXContainerItemProxy */;
		};
/* End PBXTargetDependency section */

/* Begin PBXVariantGroup section */
		ABCB21412CFBA174006CDB22 /* Main.storyboard */ = {
			isa = PBXVariantGroup;
			children = (
				ABCB21422CFBA174006CDB22 /* Base */,
			);
			name = Main.storyboard;
			sourceTree = "<group>";
		};
		ABCB21462CFBA177006CDB22 /* LaunchScreen.storyboard */ = {
			isa = PBXVariantGroup;
			children = (
				ABCB21472CFBA177006CDB22 /* Base */,
			);
			name = LaunchScreen.storyboard;
			sourceTree = "<group>";
		};
/* End PBXVariantGroup section */

/* Begin XCBuildConfiguration section */
		ABCB21602CFBA177006CDB22 /* Debug */ = {
			isa = XCBuildConfiguration;
			buildSettings = {
				ALWAYS_SEARCH_USER_PATHS = NO;
				ASSETCATALOG_COMPILER_GENERATE_SWIFT_ASSET_SYMBOL_EXTENSIONS = YES;
				CLANG_ANALYZER_NONNULL = YES;
				CLANG_ANALYZER_NUMBER_OBJECT_CONVERSION = YES_AGGRESSIVE;
				CLANG_CXX_LANGUAGE_STANDARD = "gnu++20";
				CLANG_ENABLE_MODULES = YES;
				CLANG_ENABLE_OBJC_ARC = YES;
				CLANG_ENABLE_OBJC_WEAK = YES;
				CLANG_WARN_BLOCK_CAPTURE_AUTORELEASING = YES;
				CLANG_WARN_BOOL_CONVERSION = YES;
				CLANG_WARN_COMMA = YES;
				CLANG_WARN_CONSTANT_CONVERSION = YES;
				CLANG_WARN_DEPRECATED_OBJC_IMPLEMENTATIONS = YES;
				CLANG_WARN_DIRECT_OBJC_ISA_USAGE = YES_ERROR;
				CLANG_WARN_DOCUMENTATION_COMMENTS = YES;
				CLANG_WARN_EMPTY_BODY = YES;
				CLANG_WARN_ENUM_CONVERSION = YES;
				CLANG_WARN_INFINITE_RECURSION = YES;
				CLANG_WARN_INT_CONVERSION = YES;
				CLANG_WARN_NON_LITERAL_NULL_CONVERSION = YES;
				CLANG_WARN_OBJC_IMPLICIT_RETAIN_SELF = YES;
				CLANG_WARN_OBJC_LITERAL_CONVERSION = YES;
				CLANG_WARN_OBJC_ROOT_CLASS = YES_ERROR;
				CLANG_WARN_QUOTED_INCLUDE_IN_FRAMEWORK_HEADER = YES;
				CLANG_WARN_RANGE_LOOP_ANALYSIS = YES;
				CLANG_WARN_STRICT_PROTOTYPES = YES;
				CLANG_WARN_SUSPICIOUS_MOVE = YES;
				CLANG_WARN_UNGUARDED_AVAILABILITY = YES_AGGRESSIVE;
				CLANG_WARN_UNREACHABLE_CODE = YES;
				CLANG_WARN__DUPLICATE_METHOD_MATCH = YES;
				COPY_PHASE_STRIP = NO;
				DEBUG_INFORMATION_FORMAT = dwarf;
				ENABLE_STRICT_OBJC_MSGSEND = YES;
				ENABLE_TESTABILITY = YES;
				ENABLE_USER_SCRIPT_SANDBOXING = YES;
				GCC_C_LANGUAGE_STANDARD = gnu17;
				GCC_DYNAMIC_NO_PIC = NO;
				GCC_NO_COMMON_BLOCKS = YES;
				GCC_OPTIMIZATION_LEVEL = 0;
				GCC_PREPROCESSOR_DEFINITIONS = (
					"DEBUG=1",
					"$(inherited)",
				);
				GCC_WARN_64_TO_32_BIT_CONVERSION = YES;
				GCC_WARN_ABOUT_RETURN_TYPE = YES_ERROR;
				GCC_WARN_UNDECLARED_SELECTOR = YES;
				GCC_WARN_UNINITIALIZED_AUTOS = YES_AGGRESSIVE;
				GCC_WARN_UNUSED_FUNCTION = YES;
				GCC_WARN_UNUSED_VARIABLE = YES;
				IPHONEOS_DEPLOYMENT_TARGET = 17.0;
				LOCALIZATION_PREFERS_STRING_CATALOGS = YES;
				MTL_ENABLE_DEBUG_INFO = INCLUDE_SOURCE;
				MTL_FAST_MATH = YES;
				ONLY_ACTIVE_ARCH = YES;
				SDKROOT = iphoneos;
				SWIFT_ACTIVE_COMPILATION_CONDITIONS = "DEBUG $(inherited)";
				SWIFT_OPTIMIZATION_LEVEL = "-Onone";
			};
			name = Debug;
		};
		ABCB21612CFBA177006CDB22 /* Release */ = {
			isa = XCBuildConfiguration;
			buildSettings = {
				ALWAYS_SEARCH_USER_PATHS = NO;
				ASSETCATALOG_COMPILER_GENERATE_SWIFT_ASSET_SYMBOL_EXTENSIONS = YES;
				CLANG_ANALYZER_NONNULL = YES;
				CLANG_ANALYZER_NUMBER_OBJECT_CONVERSION = YES_AGGRESSIVE;
				CLANG_CXX_LANGUAGE_STANDARD = "gnu++20";
				CLANG_ENABLE_MODULES = YES;
				CLANG_ENABLE_OBJC_ARC = YES;
				CLANG_ENABLE_OBJC_WEAK = YES;
				CLANG_WARN_BLOCK_CAPTURE_AUTORELEASING = YES;
				CLANG_WARN_BOOL_CONVERSION = YES;
				CLANG_WARN_COMMA = YES;
				CLANG_WARN_CONSTANT_CONVERSION = YES;
				CLANG_WARN_DEPRECATED_OBJC_IMPLEMENTATIONS = YES;
				CLANG_WARN_DIRECT_OBJC_ISA_USAGE = YES_ERROR;
				CLANG_WARN_DOCUMENTATION_COMMENTS = YES;
				CLANG_WARN_EMPTY_BODY = YES;
				CLANG_WARN_ENUM_CONVERSION = YES;
				CLANG_WARN_INFINITE_RECURSION = YES;
				CLANG_WARN_INT_CONVERSION = YES;
				CLANG_WARN_NON_LITERAL_NULL_CONVERSION = YES;
				CLANG_WARN_OBJC_IMPLICIT_RETAIN_SELF = YES;
				CLANG_WARN_OBJC_LITERAL_CONVERSION = YES;
				CLANG_WARN_OBJC_ROOT_CLASS = YES_ERROR;
				CLANG_WARN_QUOTED_INCLUDE_IN_FRAMEWORK_HEADER = YES;
				CLANG_WARN_RANGE_LOOP_ANALYSIS = YES;
				CLANG_WARN_STRICT_PROTOTYPES = YES;
				CLANG_WARN_SUSPICIOUS_MOVE = YES;
				CLANG_WARN_UNGUARDED_AVAILABILITY = YES_AGGRESSIVE;
				CLANG_WARN_UNREACHABLE_CODE = YES;
				CLANG_WARN__DUPLICATE_METHOD_MATCH = YES;
				COPY_PHASE_STRIP = NO;
				DEBUG_INFORMATION_FORMAT = "dwarf-with-dsym";
				ENABLE_NS_ASSERTIONS = NO;
				ENABLE_STRICT_OBJC_MSGSEND = YES;
				ENABLE_USER_SCRIPT_SANDBOXING = YES;
				GCC_C_LANGUAGE_STANDARD = gnu17;
				GCC_NO_COMMON_BLOCKS = YES;
				GCC_WARN_64_TO_32_BIT_CONVERSION = YES;
				GCC_WARN_ABOUT_RETURN_TYPE = YES_ERROR;
				GCC_WARN_UNDECLARED_SELECTOR = YES;
				GCC_WARN_UNINITIALIZED_AUTOS = YES_AGGRESSIVE;
				GCC_WARN_UNUSED_FUNCTION = YES;
				GCC_WARN_UNUSED_VARIABLE = YES;
				IPHONEOS_DEPLOYMENT_TARGET = 17.0;
				LOCALIZATION_PREFERS_STRING_CATALOGS = YES;
				MTL_ENABLE_DEBUG_INFO = NO;
				MTL_FAST_MATH = YES;
				SDKROOT = iphoneos;
				SWIFT_COMPILATION_MODE = wholemodule;
				VALIDATE_PRODUCT = YES;
			};
			name = Release;
		};
		ABCB21632CFBA177006CDB22 /* Debug */ = {
			isa = XCBuildConfiguration;
			buildSettings = {
				ASSETCATALOG_COMPILER_APPICON_NAME = AppIcon;
				ASSETCATALOG_COMPILER_GLOBAL_ACCENT_COLOR_NAME = AccentColor;
				CODE_SIGN_STYLE = Automatic;
				CURRENT_PROJECT_VERSION = 1;
				DEVELOPMENT_TEAM = BW4439FD5H;
				GENERATE_INFOPLIST_FILE = YES;
				INFOPLIST_FILE = habitapp/Info.plist;
				INFOPLIST_KEY_UIApplicationSupportsIndirectInputEvents = YES;
				INFOPLIST_KEY_UILaunchStoryboardName = LaunchScreen;
				INFOPLIST_KEY_UIMainStoryboardFile = Main;
				INFOPLIST_KEY_UISupportedInterfaceOrientations_iPad = "UIInterfaceOrientationPortrait UIInterfaceOrientationPortraitUpsideDown UIInterfaceOrientationLandscapeLeft UIInterfaceOrientationLandscapeRight";
				INFOPLIST_KEY_UISupportedInterfaceOrientations_iPhone = "UIInterfaceOrientationPortrait UIInterfaceOrientationLandscapeLeft UIInterfaceOrientationLandscapeRight";
				LD_RUNPATH_SEARCH_PATHS = (
					"$(inherited)",
					"@executable_path/Frameworks",
				);
				MARKETING_VERSION = 1.0;
				PRODUCT_BUNDLE_IDENTIFIER = com.palm.habitapp;
				PRODUCT_NAME = "$(TARGET_NAME)";
				SWIFT_EMIT_LOC_STRINGS = YES;
				SWIFT_VERSION = 5.0;
				TARGETED_DEVICE_FAMILY = "1,2";
			};
			name = Debug;
		};
		ABCB21642CFBA177006CDB22 /* Release */ = {
			isa = XCBuildConfiguration;
			buildSettings = {
				ASSETCATALOG_COMPILER_APPICON_NAME = AppIcon;
				ASSETCATALOG_COMPILER_GLOBAL_ACCENT_COLOR_NAME = AccentColor;
				CODE_SIGN_STYLE = Automatic;
				CURRENT_PROJECT_VERSION = 1;
				DEVELOPMENT_TEAM = BW4439FD5H;
				GENERATE_INFOPLIST_FILE = YES;
				INFOPLIST_FILE = habitapp/Info.plist;
				INFOPLIST_KEY_UIApplicationSupportsIndirectInputEvents = YES;
				INFOPLIST_KEY_UILaunchStoryboardName = LaunchScreen;
				INFOPLIST_KEY_UIMainStoryboardFile = Main;
				INFOPLIST_KEY_UISupportedInterfaceOrientations_iPad = "UIInterfaceOrientationPortrait UIInterfaceOrientationPortraitUpsideDown UIInterfaceOrientationLandscapeLeft UIInterfaceOrientationLandscapeRight";
				INFOPLIST_KEY_UISupportedInterfaceOrientations_iPhone = "UIInterfaceOrientationPortrait UIInterfaceOrientationLandscapeLeft UIInterfaceOrientationLandscapeRight";
				LD_RUNPATH_SEARCH_PATHS = (
					"$(inherited)",
					"@executable_path/Frameworks",
				);
				MARKETING_VERSION = 1.0;
				PRODUCT_BUNDLE_IDENTIFIER = com.palm.habitapp;
				PRODUCT_NAME = "$(TARGET_NAME)";
				SWIFT_EMIT_LOC_STRINGS = YES;
				SWIFT_VERSION = 5.0;
				TARGETED_DEVICE_FAMILY = "1,2";
			};
			name = Release;
		};
		ABCB21662CFBA177006CDB22 /* Debug */ = {
			isa = XCBuildConfiguration;
			buildSettings = {
				ALWAYS_EMBED_SWIFT_STANDARD_LIBRARIES = YES;
				BUNDLE_LOADER = "$(TEST_HOST)";
				CODE_SIGN_STYLE = Automatic;
				CURRENT_PROJECT_VERSION = 1;
				DEVELOPMENT_TEAM = BW4439FD5H;
				GENERATE_INFOPLIST_FILE = YES;
				IPHONEOS_DEPLOYMENT_TARGET = 17.0;
				MARKETING_VERSION = 1.0;
				PRODUCT_BUNDLE_IDENTIFIER = com.palm.habitappTests;
				PRODUCT_NAME = "$(TARGET_NAME)";
				SWIFT_EMIT_LOC_STRINGS = NO;
				SWIFT_VERSION = 5.0;
				TARGETED_DEVICE_FAMILY = "1,2";
				TEST_HOST = "$(BUILT_PRODUCTS_DIR)/habitapp.app/$(BUNDLE_EXECUTABLE_FOLDER_PATH)/habitapp";
			};
			name = Debug;
		};
		ABCB21672CFBA177006CDB22 /* Release */ = {
			isa = XCBuildConfiguration;
			buildSettings = {
				ALWAYS_EMBED_SWIFT_STANDARD_LIBRARIES = YES;
				BUNDLE_LOADER = "$(TEST_HOST)";
				CODE_SIGN_STYLE = Automatic;
				CURRENT_PROJECT_VERSION = 1;
				DEVELOPMENT_TEAM = BW4439FD5H;
				GENERATE_INFOPLIST_FILE = YES;
				IPHONEOS_DEPLOYMENT_TARGET = 17.0;
				MARKETING_VERSION = 1.0;
				PRODUCT_BUNDLE_IDENTIFIER = com.palm.habitappTests;
				PRODUCT_NAME = "$(TARGET_NAME)";
				SWIFT_EMIT_LOC_STRINGS = NO;
				SWIFT_VERSION = 5.0;
				TARGETED_DEVICE_FAMILY = "1,2";
				TEST_HOST = "$(BUILT_PRODUCTS_DIR)/habitapp.app/$(BUNDLE_EXECUTABLE_FOLDER_PATH)/habitapp";
			};
			name = Release;
		};
		ABCB21692CFBA177006CDB22 /* Debug */ = {
			isa = XCBuildConfiguration;
			buildSettings = {
				ALWAYS_EMBED_SWIFT_STANDARD_LIBRARIES = YES;
				CODE_SIGN_STYLE = Automatic;
				CURRENT_PROJECT_VERSION = 1;
				DEVELOPMENT_TEAM = BW4439FD5H;
				GENERATE_INFOPLIST_FILE = YES;
				MARKETING_VERSION = 1.0;
				PRODUCT_BUNDLE_IDENTIFIER = com.palm.habitappUITests;
				PRODUCT_NAME = "$(TARGET_NAME)";
				SWIFT_EMIT_LOC_STRINGS = NO;
				SWIFT_VERSION = 5.0;
				TARGETED_DEVICE_FAMILY = "1,2";
				TEST_TARGET_NAME = habitapp;
			};
			name = Debug;
		};
		ABCB216A2CFBA177006CDB22 /* Release */ = {
			isa = XCBuildConfiguration;
			buildSettings = {
				ALWAYS_EMBED_SWIFT_STANDARD_LIBRARIES = YES;
				CODE_SIGN_STYLE = Automatic;
				CURRENT_PROJECT_VERSION = 1;
				DEVELOPMENT_TEAM = BW4439FD5H;
				GENERATE_INFOPLIST_FILE = YES;
				MARKETING_VERSION = 1.0;
				PRODUCT_BUNDLE_IDENTIFIER = com.palm.habitappUITests;
				PRODUCT_NAME = "$(TARGET_NAME)";
				SWIFT_EMIT_LOC_STRINGS = NO;
				SWIFT_VERSION = 5.0;
				TARGETED_DEVICE_FAMILY = "1,2";
				TEST_TARGET_NAME = habitapp;
			};
			name = Release;
		};
/* End XCBuildConfiguration section */

/* Begin XCConfigurationList section */
		ABCB21332CFBA174006CDB22 /* Build configuration list for PBXProject "habitapp" */ = {
			isa = XCConfigurationList;
			buildConfigurations = (
				ABCB21602CFBA177006CDB22 /* Debug */,
				ABCB21612CFBA177006CDB22 /* Release */,
			);
			defaultConfigurationIsVisible = 0;
			defaultConfigurationName = Release;
		};
		ABCB21622CFBA177006CDB22 /* Build configuration list for PBXNativeTarget "habitapp" */ = {
			isa = XCConfigurationList;
			buildConfigurations = (
				ABCB21632CFBA177006CDB22 /* Debug */,
				ABCB21642CFBA177006CDB22 /* Release */,
			);
			defaultConfigurationIsVisible = 0;
			defaultConfigurationName = Release;
		};
		ABCB21652CFBA177006CDB22 /* Build configuration list for PBXNativeTarget "habitappTests" */ = {
			isa = XCConfigurationList;
			buildConfigurations = (
				ABCB21662CFBA177006CDB22 /* Debug */,
				ABCB21672CFBA177006CDB22 /* Release */,
			);
			defaultConfigurationIsVisible = 0;
			defaultConfigurationName = Release;
		};
		ABCB21682CFBA177006CDB22 /* Build configuration list for PBXNativeTarget "habitappUITests" */ = {
			isa = XCConfigurationList;
			buildConfigurations = (
				ABCB21692CFBA177006CDB22 /* Debug */,
				ABCB216A2CFBA177006CDB22 /* Release */,
			);
			defaultConfigurationIsVisible = 0;
			defaultConfigurationName = Release;
		};
/* End XCConfigurationList section */

/* Begin XCRemoteSwiftPackageReference section */
		ABCB216B2CFBA295006CDB22 /* XCRemoteSwiftPackageReference "firebase-ios-sdk" */ = {
			isa = XCRemoteSwiftPackageReference;
			repositoryURL = "https://github.com/firebase/firebase-ios-sdk";
			requirement = {
				kind = upToNextMajorVersion;
				minimumVersion = 11.5.0;
			};
		};
/* End XCRemoteSwiftPackageReference section */

/* Begin XCSwiftPackageProductDependency section */
		ABCB216F2CFBA314006CDB22 /* FirebaseCore */ = {
			isa = XCSwiftPackageProductDependency;
			package = ABCB216B2CFBA295006CDB22 /* XCRemoteSwiftPackageReference "firebase-ios-sdk" */;
			productName = FirebaseCore;
		};
		ABCB21712CFBA320006CDB22 /* FirebaseDatabase */ = {
			isa = XCSwiftPackageProductDependency;
			package = ABCB216B2CFBA295006CDB22 /* XCRemoteSwiftPackageReference "firebase-ios-sdk" */;
			productName = FirebaseDatabase;
		};
		ABCB21732CFBA32A006CDB22 /* FirebaseAnalytics */ = {
			isa = XCSwiftPackageProductDependency;
			package = ABCB216B2CFBA295006CDB22 /* XCRemoteSwiftPackageReference "firebase-ios-sdk" */;
			productName = FirebaseAnalytics;
		};
/* End XCSwiftPackageProductDependency section */
	};
	rootObject = ABCB21302CFBA174006CDB22 /* Project object */;
}
